[{<<"ssl_verify_hostname">>,
  {git,"https://github.com/benoitc/ssl_verify_hostname",
       {ref,"3e7179789603057e3ec1867802c74c7bf6f8528a"}},
  2},
 {<<"idna">>,
  {git,"https://github.com/benoitc/erlang-idna",
       {ref,"5089240e653ce254273da9cff57952a60b1d2c51"}},
  2},
 {<<"goldrush">>,
  {git,"git://github.com/DeadZen/goldrush.git",
       {ref,"71e63212f12c25827e0c1b4198d37d5d018a7fec"}},
  2},
 {<<"ucol_nif">>,
  {git,"https://github.com/refuge/ucol_nif.git",
       {ref,"510fb51f44d50ab1b0ac6f668f0741da70be9f9f"}},
  1},
 {<<"snappy">>,
  {git,"https://github.com/rcouch/snappy.git",
       {ref,"ea07e546f8ae1aff9f126972cba9bc6d77c8a456"}},
  1},
 {<<"oauth">>,
  {git,"https://github.com/rcouch/couchdb-oauth",
       {ref,"ab497ab815cb339c9f134b760d9671369cd34185"}},
  1},
 {<<"mochiweb">>,
  {git,"https://github.com/mochi/mochiweb.git",
       {ref,"c3fb6aed018d47a9c313daa966657a157d88dbc6"}},
  1},
 {<<"lager">>,
  {git,"https://github.com/basho/lager.git",
       {ref,"840acab51ebfb731de0137d9c6d41e7db4a12793"}},
  1},
 {<<"jiffy">>,
  {git,"https://github.com/rcouch/jiffy.git",
       {ref,"b162efd7df4e20f2a5352b76a1483ff8f50dd3c9"}},
  1},
 {<<"ibrowse">>,
  {git,"https://github.com/rcouch/ibrowse",
       {ref,"e18ea912b62b0f4a48d0f0edc8bb2f542863a88c"}},
  1},
 {<<"hackney">>,
  {git,"https://github.com/benoitc/hackney",
       {ref,"354096d67a7ab97b361c815f72e855c79f121e3d"}},
  1},
 {<<"geocouch">>,
  {git,"https://github.com/rcouch/geocouch",
       {ref,"311bdeaedb05837cf8e8dfc50ece0f019a0a2cdb"}},
  0},
 {<<"couch_replicator">>,
  {git,"https://github.com/rcouch/couchdb-couch-replicator",
       {ref,"4786b6667b036a1f6bfd9ea4d79bea128ad5d362"}},
  0},
 {<<"couch_randomdoc">>,
  {git,"https://github.com/rcouch/couch_randomdoc",
       {ref,"cc36dcb6ac4ff68f60531f650e5ba551bdceaa8e"}},
  0},
 {<<"couch_mrview">>,
  {git,"https://github.com/rcouch/couch_mrview.git",
       {ref,"39cd3f132981547a6da64f77e82b978f24b04172"}},
  0},
 {<<"couch_index">>,
  {git,"https://github.com/rcouch/couch_index.git",
       {ref,"c832588f993df5293e0e86f74b6fb97a69bb029c"}},
  0},
 {<<"couch_httpd">>,
  {git,"https://github.com/rcouch/couch_httpd.git",
       {ref,"c56469738e2bfce081f60eb10474224949eef050"}},
  0},
 {<<"couch_dbupdates">>,
  {git,"https://github.com/rcouch/couchdb-couch-dbupdates",
       {ref,"25933d782fc10dc3cc6c2fedfd555f8610404e00"}},
  0},
 {<<"couch">>,
  {git,"https://github.com/rcouch/couch.git",
       {ref,"3578a87ee3ec9d2c5c49f3c7793618ee2fe7ae9e"}},
  0}].
